
Microsoft Visual Studio Solution File, Format Version 12.00
# Visual Studio Version 17
VisualStudioVersion = 17.7.34221.43
MinimumVisualStudioVersion = 10.0.40219.1
Project("{8BC9CEB8-8B4A-11D0-8D11-00A0C91BC942}") = "5. conteption of template with closure", "5. conteption of template with closure\5. conteption of template with closure.vcxproj", "{5CBA1F3C-6753-4CE9-BB3D-A0FD7BB5D1AA}"
EndProject
Global
	GlobalSection(SolutionConfigurationPlatforms) = preSolution
		Debug|x64 = Debug|x64
		Debug|x86 = Debug|x86
		Release|x64 = Release|x64
		Release|x86 = Release|x86
	EndGlobalSection
	GlobalSection(ProjectConfigurationPlatforms) = postSolution
		{5CBA1F3C-6753-4CE9-BB3D-A0FD7BB5D1AA}.Debug|x64.ActiveCfg = Debug|x64
		{5CBA1F3C-6753-4CE9-BB3D-A0FD7BB5D1AA}.Debug|x64.Build.0 = Debug|x64
		{5CBA1F3C-6753-4CE9-BB3D-A0FD7BB5D1AA}.Debug|x86.ActiveCfg = Debug|Win32
		{5CBA1F3C-6753-4CE9-BB3D-A0FD7BB5D1AA}.Debug|x86.Build.0 = Debug|Win32
		{5CBA1F3C-6753-4CE9-BB3D-A0FD7BB5D1AA}.Release|x64.ActiveCfg = Release|x64
		{5CBA1F3C-6753-4CE9-BB3D-A0FD7BB5D1AA}.Release|x64.Build.0 = Release|x64
		{5CBA1F3C-6753-4CE9-BB3D-A0FD7BB5D1AA}.Release|x86.ActiveCfg = Release|Win32
		{5CBA1F3C-6753-4CE9-BB3D-A0FD7BB5D1AA}.Release|x86.Build.0 = Release|Win32
	EndGlobalSection
	GlobalSection(SolutionProperties) = preSolution
		HideSolutionNode = FALSE
	EndGlobalSection
	GlobalSection(ExtensibilityGlobals) = postSolution
		SolutionGuid = {CA6A8B86-B4F1-4BC0-9C69-963F4865E9AE}
	EndGlobalSection
EndGlobal
